// !$*UTF8*$!
{
	archiveVersion = 1;
	classes = {
	};
	objectVersion = 50;
	objects = {

/* Begin PBXBuildFile section */
		134448D52576FC67005EAD28 /* Attributes.swift in Sources */ = {isa = PBXBuildFile; fileRef = 134448D42576FC67005EAD28 /* Attributes.swift */; };
		13AB4D94255EE40100BAD620 /* AppDelegate.swift in Sources */ = {isa = PBXBuildFile; fileRef = 13AB4D93255EE40100BAD620 /* AppDelegate.swift */; };
		13AB4D96255EE40100BAD620 /* SceneDelegate.swift in Sources */ = {isa = PBXBuildFile; fileRef = 13AB4D95255EE40100BAD620 /* SceneDelegate.swift */; };
		13AB4D9B255EE40100BAD620 /* Main.storyboard in Resources */ = {isa = PBXBuildFile; fileRef = 13AB4D99255EE40100BAD620 /* Main.storyboard */; };
		13AB4D9D255EE40300BAD620 /* Assets.xcassets in Resources */ = {isa = PBXBuildFile; fileRef = 13AB4D9C255EE40300BAD620 /* Assets.xcassets */; };
		13AB4DA0255EE40300BAD620 /* LaunchScreen.storyboard in Resources */ = {isa = PBXBuildFile; fileRef = 13AB4D9E255EE40300BAD620 /* LaunchScreen.storyboard */; };
		13AB4DAC255EE84900BAD620 /* Player.swift in Sources */ = {isa = PBXBuildFile; fileRef = 13AB4DAB255EE84900BAD620 /* Player.swift */; };
		13B743A82575FE15007784B3 /* MatchViewController.swift in Sources */ = {isa = PBXBuildFile; fileRef = 13B743A72575FE15007784B3 /* MatchViewController.swift */; };
		13B743AB2575FE25007784B3 /* HudViewController.swift in Sources */ = {isa = PBXBuildFile; fileRef = 13B743AA2575FE25007784B3 /* HudViewController.swift */; };
		13F0FD63255F192900A23425 /* MatchManager.swift in Sources */ = {isa = PBXBuildFile; fileRef = 13F0FD62255F192900A23425 /* MatchManager.swift */; };
		BD0AE6CE2577323F00085E0F /* AVFoundation.framework in Frameworks */ = {isa = PBXBuildFile; fileRef = BD0AE6CD2577323F00085E0F /* AVFoundation.framework */; };
		BD0AE6E12577401900085E0F /* miss.wav in Resources */ = {isa = PBXBuildFile; fileRef = BD0AE6DE2577401900085E0F /* miss.wav */; };
		BD0AE6E22577401900085E0F /* ballsBack.wav in Resources */ = {isa = PBXBuildFile; fileRef = BD0AE6DF2577401900085E0F /* ballsBack.wav */; };
		BD0AE7032578799000085E0F /* AnythingCouldHappen.mp3 in Resources */ = {isa = PBXBuildFile; fileRef = BD0AE7022578799000085E0F /* AnythingCouldHappen.mp3 */; };
		BD0AE70725787EDE00085E0F /* upheavtt.ttf in Resources */ = {isa = PBXBuildFile; fileRef = BD0AE70625787EB600085E0F /* upheavtt.ttf */; };
		BD0AE715257C705600085E0F /* makeC.wav in Resources */ = {isa = PBXBuildFile; fileRef = BD0AE70E257C705500085E0F /* makeC.wav */; };
		BD0AE716257C705600085E0F /* BlindingLights.mp3 in Resources */ = {isa = PBXBuildFile; fileRef = BD0AE70F257C705500085E0F /* BlindingLights.mp3 */; };
		BD0AE717257C705600085E0F /* makeF.wav in Resources */ = {isa = PBXBuildFile; fileRef = BD0AE710257C705500085E0F /* makeF.wav */; };
		BD0AE718257C705600085E0F /* makeFminor.wav in Resources */ = {isa = PBXBuildFile; fileRef = BD0AE711257C705600085E0F /* makeFminor.wav */; };
		BD0AE719257C705600085E0F /* makeG.wav in Resources */ = {isa = PBXBuildFile; fileRef = BD0AE712257C705600085E0F /* makeG.wav */; };
		BD0AE71A257C705600085E0F /* makeBb.wav in Resources */ = {isa = PBXBuildFile; fileRef = BD0AE713257C705600085E0F /* makeBb.wav */; };
		BD0AE71B257C705600085E0F /* makeEb.wav in Resources */ = {isa = PBXBuildFile; fileRef = BD0AE714257C705600085E0F /* makeEb.wav */; };
		BDC9179B2580769A001BACD9 /* Circles.mp3 in Resources */ = {isa = PBXBuildFile; fileRef = BDC9179A2580769A001BACD9 /* Circles.mp3 */; };
		BDC9179E258860F2001BACD9 /* Liztomania.mp3 in Resources */ = {isa = PBXBuildFile; fileRef = BDC9179D258860F2001BACD9 /* Liztomania.mp3 */; };
		BDC917A1258AFA58001BACD9 /* GenghisKhan.mp3 in Resources */ = {isa = PBXBuildFile; fileRef = BDC917A0258AFA58001BACD9 /* GenghisKhan.mp3 */; };
		BDC917A6258AFA66001BACD9 /* makeFC.wav in Resources */ = {isa = PBXBuildFile; fileRef = BDC917A3258AFA66001BACD9 /* makeFC.wav */; };
		BDC917A7258AFA66001BACD9 /* makeGD.wav in Resources */ = {isa = PBXBuildFile; fileRef = BDC917A4258AFA66001BACD9 /* makeGD.wav */; };
		BDC917A8258AFA66001BACD9 /* makeDminor.wav in Resources */ = {isa = PBXBuildFile; fileRef = BDC917A5258AFA66001BACD9 /* makeDminor.wav */; };
/* End PBXBuildFile section */

/* Begin PBXFileReference section */
		134448D42576FC67005EAD28 /* Attributes.swift */ = {isa = PBXFileReference; lastKnownFileType = sourcecode.swift; path = Attributes.swift; sourceTree = "<group>"; };
		13AB4D90255EE40100BAD620 /* TwentyOne 2020.app */ = {isa = PBXFileReference; explicitFileType = wrapper.application; includeInIndex = 0; path = "TwentyOne 2020.app"; sourceTree = BUILT_PRODUCTS_DIR; };
		13AB4D93255EE40100BAD620 /* AppDelegate.swift */ = {isa = PBXFileReference; lastKnownFileType = sourcecode.swift; path = AppDelegate.swift; sourceTree = "<group>"; };
		13AB4D95255EE40100BAD620 /* SceneDelegate.swift */ = {isa = PBXFileReference; lastKnownFileType = sourcecode.swift; path = SceneDelegate.swift; sourceTree = "<group>"; };
		13AB4D9A255EE40100BAD620 /* Base */ = {isa = PBXFileReference; lastKnownFileType = file.storyboard; name = Base; path = Base.lproj/Main.storyboard; sourceTree = "<group>"; };
		13AB4D9C255EE40300BAD620 /* Assets.xcassets */ = {isa = PBXFileReference; lastKnownFileType = folder.assetcatalog; path = Assets.xcassets; sourceTree = "<group>"; };
		13AB4D9F255EE40300BAD620 /* Base */ = {isa = PBXFileReference; lastKnownFileType = file.storyboard; name = Base; path = Base.lproj/LaunchScreen.storyboard; sourceTree = "<group>"; };
		13AB4DA1255EE40300BAD620 /* Info.plist */ = {isa = PBXFileReference; lastKnownFileType = text.plist.xml; path = Info.plist; sourceTree = "<group>"; };
		13AB4DA8255EE45B00BAD620 /* TwentyOne 2020.entitlements */ = {isa = PBXFileReference; lastKnownFileType = text.plist.entitlements; path = "TwentyOne 2020.entitlements"; sourceTree = "<group>"; };
		13AB4DAB255EE84900BAD620 /* Player.swift */ = {isa = PBXFileReference; lastKnownFileType = sourcecode.swift; path = Player.swift; sourceTree = "<group>"; };
		13B743A72575FE15007784B3 /* MatchViewController.swift */ = {isa = PBXFileReference; lastKnownFileType = sourcecode.swift; path = MatchViewController.swift; sourceTree = "<group>"; };
		13B743AA2575FE25007784B3 /* HudViewController.swift */ = {isa = PBXFileReference; lastKnownFileType = sourcecode.swift; path = HudViewController.swift; sourceTree = "<group>"; };
		13F0FD62255F192900A23425 /* MatchManager.swift */ = {isa = PBXFileReference; lastKnownFileType = sourcecode.swift; path = MatchManager.swift; sourceTree = "<group>"; };
		BD0AE6CD2577323F00085E0F /* AVFoundation.framework */ = {isa = PBXFileReference; lastKnownFileType = wrapper.framework; name = AVFoundation.framework; path = Platforms/MacOSX.platform/Developer/SDKs/MacOSX11.0.sdk/System/Library/Frameworks/AVFoundation.framework; sourceTree = DEVELOPER_DIR; };
		BD0AE6DE2577401900085E0F /* miss.wav */ = {isa = PBXFileReference; lastKnownFileType = audio.wav; path = miss.wav; sourceTree = "<group>"; };
		BD0AE6DF2577401900085E0F /* ballsBack.wav */ = {isa = PBXFileReference; lastKnownFileType = audio.wav; path = ballsBack.wav; sourceTree = "<group>"; };
		BD0AE7022578799000085E0F /* AnythingCouldHappen.mp3 */ = {isa = PBXFileReference; lastKnownFileType = audio.mp3; path = AnythingCouldHappen.mp3; sourceTree = "<group>"; };
		BD0AE70625787EB600085E0F /* upheavtt.ttf */ = {isa = PBXFileReference; lastKnownFileType = file; path = upheavtt.ttf; sourceTree = "<group>"; };
		BD0AE70E257C705500085E0F /* makeC.wav */ = {isa = PBXFileReference; lastKnownFileType = audio.wav; path = makeC.wav; sourceTree = "<group>"; };
		BD0AE70F257C705500085E0F /* BlindingLights.mp3 */ = {isa = PBXFileReference; lastKnownFileType = audio.mp3; path = BlindingLights.mp3; sourceTree = "<group>"; };
		BD0AE710257C705500085E0F /* makeF.wav */ = {isa = PBXFileReference; lastKnownFileType = audio.wav; path = makeF.wav; sourceTree = "<group>"; };
		BD0AE711257C705600085E0F /* makeFminor.wav */ = {isa = PBXFileReference; lastKnownFileType = audio.wav; path = makeFminor.wav; sourceTree = "<group>"; };
		BD0AE712257C705600085E0F /* makeG.wav */ = {isa = PBXFileReference; lastKnownFileType = audio.wav; path = makeG.wav; sourceTree = "<group>"; };
		BD0AE713257C705600085E0F /* makeBb.wav */ = {isa = PBXFileReference; lastKnownFileType = audio.wav; path = makeBb.wav; sourceTree = "<group>"; };
		BD0AE714257C705600085E0F /* makeEb.wav */ = {isa = PBXFileReference; lastKnownFileType = audio.wav; path = makeEb.wav; sourceTree = "<group>"; };
		BDC9179A2580769A001BACD9 /* Circles.mp3 */ = {isa = PBXFileReference; lastKnownFileType = audio.mp3; path = Circles.mp3; sourceTree = "<group>"; };
		BDC9179D258860F2001BACD9 /* Liztomania.mp3 */ = {isa = PBXFileReference; lastKnownFileType = audio.mp3; path = Liztomania.mp3; sourceTree = "<group>"; };
		BDC917A0258AFA58001BACD9 /* GenghisKhan.mp3 */ = {isa = PBXFileReference; lastKnownFileType = audio.mp3; path = GenghisKhan.mp3; sourceTree = "<group>"; };
		BDC917A3258AFA66001BACD9 /* makeFC.wav */ = {isa = PBXFileReference; lastKnownFileType = audio.wav; path = makeFC.wav; sourceTree = "<group>"; };
		BDC917A4258AFA66001BACD9 /* makeGD.wav */ = {isa = PBXFileReference; lastKnownFileType = audio.wav; path = makeGD.wav; sourceTree = "<group>"; };
		BDC917A5258AFA66001BACD9 /* makeDminor.wav */ = {isa = PBXFileReference; lastKnownFileType = audio.wav; path = makeDminor.wav; sourceTree = "<group>"; };
/* End PBXFileReference section */

/* Begin PBXFrameworksBuildPhase section */
		13AB4D8D255EE40100BAD620 /* Frameworks */ = {
			isa = PBXFrameworksBuildPhase;
			buildActionMask = 2147483647;
			files = (
				BD0AE6CE2577323F00085E0F /* AVFoundation.framework in Frameworks */,
			);
			runOnlyForDeploymentPostprocessing = 0;
		};
/* End PBXFrameworksBuildPhase section */

/* Begin PBXGroup section */
		13AB4D87255EE40100BAD620 = {
			isa = PBXGroup;
			children = (
				13AB4D92255EE40100BAD620 /* TwentyOne 2020 */,
				13AB4D91255EE40100BAD620 /* Products */,
				BD0AE6CC2577323F00085E0F /* Frameworks */,
			);
			sourceTree = "<group>";
		};
		13AB4D91255EE40100BAD620 /* Products */ = {
			isa = PBXGroup;
			children = (
				13AB4D90255EE40100BAD620 /* TwentyOne 2020.app */,
			);
			name = Products;
			sourceTree = "<group>";
		};
		13AB4D92255EE40100BAD620 /* TwentyOne 2020 */ = {
			isa = PBXGroup;
			children = (
				BD0AE70525787DA800085E0F /* Fonts */,
				BD0AE6D02577389200085E0F /* Sounds */,
				13AB4DAA255EE83B00BAD620 /* Models */,
				13AB4DA8255EE45B00BAD620 /* TwentyOne 2020.entitlements */,
				13AB4D93255EE40100BAD620 /* AppDelegate.swift */,
				13AB4D95255EE40100BAD620 /* SceneDelegate.swift */,
				13AB4D99255EE40100BAD620 /* Main.storyboard */,
				13B743AA2575FE25007784B3 /* HudViewController.swift */,
				134448D42576FC67005EAD28 /* Attributes.swift */,
				13B743A72575FE15007784B3 /* MatchViewController.swift */,
				13AB4D9C255EE40300BAD620 /* Assets.xcassets */,
				13AB4D9E255EE40300BAD620 /* LaunchScreen.storyboard */,
				13AB4DA1255EE40300BAD620 /* Info.plist */,
				13F0FD62255F192900A23425 /* MatchManager.swift */,
			);
			path = "TwentyOne 2020";
			sourceTree = "<group>";
		};
		13AB4DAA255EE83B00BAD620 /* Models */ = {
			isa = PBXGroup;
			children = (
				13AB4DAB255EE84900BAD620 /* Player.swift */,
			);
			path = Models;
			sourceTree = "<group>";
		};
		BD0AE6CC2577323F00085E0F /* Frameworks */ = {
			isa = PBXGroup;
			children = (
				BD0AE6CD2577323F00085E0F /* AVFoundation.framework */,
			);
			name = Frameworks;
			sourceTree = "<group>";
		};
		BD0AE6D02577389200085E0F /* Sounds */ = {
			isa = PBXGroup;
			children = (
				BD0AE6DF2577401900085E0F /* ballsBack.wav */,
				BD0AE7022578799000085E0F /* AnythingCouldHappen.mp3 */,
				BD0AE70F257C705500085E0F /* BlindingLights.mp3 */,
				BD0AE713257C705600085E0F /* makeBb.wav */,
				BDC9179A2580769A001BACD9 /* Circles.mp3 */,
				BD0AE70E257C705500085E0F /* makeC.wav */,
				BD0AE714257C705600085E0F /* makeEb.wav */,
				BD0AE710257C705500085E0F /* makeF.wav */,
				BDC917A0258AFA58001BACD9 /* GenghisKhan.mp3 */,
				BDC917A5258AFA66001BACD9 /* makeDminor.wav */,
				BDC917A3258AFA66001BACD9 /* makeFC.wav */,
				BDC917A4258AFA66001BACD9 /* makeGD.wav */,
				BDC9179D258860F2001BACD9 /* Liztomania.mp3 */,
				BD0AE711257C705600085E0F /* makeFminor.wav */,
				BD0AE712257C705600085E0F /* makeG.wav */,
				BD0AE6DE2577401900085E0F /* miss.wav */,
			);
			path = Sounds;
			sourceTree = "<group>";
		};
		BD0AE70525787DA800085E0F /* Fonts */ = {
			isa = PBXGroup;
			children = (
				BD0AE70625787EB600085E0F /* upheavtt.ttf */,
			);
			path = Fonts;
			sourceTree = "<group>";
		};
/* End PBXGroup section */

/* Begin PBXNativeTarget section */
		13AB4D8F255EE40100BAD620 /* TwentyOne 2020 */ = {
			isa = PBXNativeTarget;
			buildConfigurationList = 13AB4DA4255EE40300BAD620 /* Build configuration list for PBXNativeTarget "TwentyOne 2020" */;
			buildPhases = (
				13AB4D8C255EE40100BAD620 /* Sources */,
				13AB4D8D255EE40100BAD620 /* Frameworks */,
				13AB4D8E255EE40100BAD620 /* Resources */,
			);
			buildRules = (
			);
			dependencies = (
			);
			name = "TwentyOne 2020";
			productName = "TwentyOne 2020";
			productReference = 13AB4D90255EE40100BAD620 /* TwentyOne 2020.app */;
			productType = "com.apple.product-type.application";
		};
/* End PBXNativeTarget section */

/* Begin PBXProject section */
		13AB4D88255EE40100BAD620 /* Project object */ = {
			isa = PBXProject;
			attributes = {
				LastSwiftUpdateCheck = 1210;
				LastUpgradeCheck = 1210;
				TargetAttributes = {
					13AB4D8F255EE40100BAD620 = {
						CreatedOnToolsVersion = 12.1;
					};
				};
			};
			buildConfigurationList = 13AB4D8B255EE40100BAD620 /* Build configuration list for PBXProject "TwentyOne 2020" */;
			compatibilityVersion = "Xcode 9.3";
			developmentRegion = en;
			hasScannedForEncodings = 0;
			knownRegions = (
				en,
				Base,
			);
			mainGroup = 13AB4D87255EE40100BAD620;
			productRefGroup = 13AB4D91255EE40100BAD620 /* Products */;
			projectDirPath = "";
			projectRoot = "";
			targets = (
				13AB4D8F255EE40100BAD620 /* TwentyOne 2020 */,
			);
		};
/* End PBXProject section */

/* Begin PBXResourcesBuildPhase section */
		13AB4D8E255EE40100BAD620 /* Resources */ = {
			isa = PBXResourcesBuildPhase;
			buildActionMask = 2147483647;
			files = (
				BD0AE718257C705600085E0F /* makeFminor.wav in Resources */,
				BD0AE71B257C705600085E0F /* makeEb.wav in Resources */,
				BD0AE70725787EDE00085E0F /* upheavtt.ttf in Resources */,
				BD0AE6E12577401900085E0F /* miss.wav in Resources */,
				BDC9179E258860F2001BACD9 /* Liztomania.mp3 in Resources */,
				BD0AE7032578799000085E0F /* AnythingCouldHappen.mp3 in Resources */,
				13AB4DA0255EE40300BAD620 /* LaunchScreen.storyboard in Resources */,
				BDC917A6258AFA66001BACD9 /* makeFC.wav in Resources */,
				BD0AE6E22577401900085E0F /* ballsBack.wav in Resources */,
				BDC917A8258AFA66001BACD9 /* makeDminor.wav in Resources */,
				BD0AE719257C705600085E0F /* makeG.wav in Resources */,
				BD0AE717257C705600085E0F /* makeF.wav in Resources */,
				13AB4D9D255EE40300BAD620 /* Assets.xcassets in Resources */,
				BDC917A7258AFA66001BACD9 /* makeGD.wav in Resources */,
				BD0AE716257C705600085E0F /* BlindingLights.mp3 in Resources */,
				BDC917A1258AFA58001BACD9 /* GenghisKhan.mp3 in Resources */,
				BD0AE71A257C705600085E0F /* makeBb.wav in Resources */,
				BD0AE715257C705600085E0F /* makeC.wav in Resources */,
				13AB4D9B255EE40100BAD620 /* Main.storyboard in Resources */,
				BDC9179B2580769A001BACD9 /* Circles.mp3 in Resources */,
			);
			runOnlyForDeploymentPostprocessing = 0;
		};
/* End PBXResourcesBuildPhase section */

/* Begin PBXSourcesBuildPhase section */
		13AB4D8C255EE40100BAD620 /* Sources */ = {
			isa = PBXSourcesBuildPhase;
			buildActionMask = 2147483647;
			files = (
				13AB4DAC255EE84900BAD620 /* Player.swift in Sources */,
				13AB4D94255EE40100BAD620 /* AppDelegate.swift in Sources */,
				13B743AB2575FE25007784B3 /* HudViewController.swift in Sources */,
				13AB4D96255EE40100BAD620 /* SceneDelegate.swift in Sources */,
				13F0FD63255F192900A23425 /* MatchManager.swift in Sources */,
				134448D52576FC67005EAD28 /* Attributes.swift in Sources */,
				13B743A82575FE15007784B3 /* MatchViewController.swift in Sources */,
			);
			runOnlyForDeploymentPostprocessing = 0;
		};
/* End PBXSourcesBuildPhase section */

/* Begin PBXVariantGroup section */
		13AB4D99255EE40100BAD620 /* Main.storyboard */ = {
			isa = PBXVariantGroup;
			children = (
				13AB4D9A255EE40100BAD620 /* Base */,
			);
			name = Main.storyboard;
			sourceTree = "<group>";
		};
		13AB4D9E255EE40300BAD620 /* LaunchScreen.storyboard */ = {
			isa = PBXVariantGroup;
			children = (
				13AB4D9F255EE40300BAD620 /* Base */,
			);
			name = LaunchScreen.storyboard;
			sourceTree = "<group>";
		};
/* End PBXVariantGroup section */

/* Begin XCBuildConfiguration section */
		13AB4DA2255EE40300BAD620 /* Debug */ = {
			isa = XCBuildConfiguration;
			buildSettings = {
				ALWAYS_SEARCH_USER_PATHS = NO;
				CLANG_ANALYZER_NONNULL = YES;
				CLANG_ANALYZER_NUMBER_OBJECT_CONVERSION = YES_AGGRESSIVE;
				CLANG_CXX_LANGUAGE_STANDARD = "gnu++14";
				CLANG_CXX_LIBRARY = "libc++";
				CLANG_ENABLE_MODULES = YES;
				CLANG_ENABLE_OBJC_ARC = YES;
				CLANG_ENABLE_OBJC_WEAK = YES;
				CLANG_WARN_BLOCK_CAPTURE_AUTORELEASING = YES;
				CLANG_WARN_BOOL_CONVERSION = YES;
				CLANG_WARN_COMMA = YES;
				CLANG_WARN_CONSTANT_CONVERSION = YES;
				CLANG_WARN_DEPRECATED_OBJC_IMPLEMENTATIONS = YES;
				CLANG_WARN_DIRECT_OBJC_ISA_USAGE = YES_ERROR;
				CLANG_WARN_DOCUMENTATION_COMMENTS = YES;
				CLANG_WARN_EMPTY_BODY = YES;
				CLANG_WARN_ENUM_CONVERSION = YES;
				CLANG_WARN_INFINITE_RECURSION = YES;
				CLANG_WARN_INT_CONVERSION = YES;
				CLANG_WARN_NON_LITERAL_NULL_CONVERSION = YES;
				CLANG_WARN_OBJC_IMPLICIT_RETAIN_SELF = YES;
				CLANG_WARN_OBJC_LITERAL_CONVERSION = YES;
				CLANG_WARN_OBJC_ROOT_CLASS = YES_ERROR;
				CLANG_WARN_QUOTED_INCLUDE_IN_FRAMEWORK_HEADER = YES;
				CLANG_WARN_RANGE_LOOP_ANALYSIS = YES;
				CLANG_WARN_STRICT_PROTOTYPES = YES;
				CLANG_WARN_SUSPICIOUS_MOVE = YES;
				CLANG_WARN_UNGUARDED_AVAILABILITY = YES_AGGRESSIVE;
				CLANG_WARN_UNREACHABLE_CODE = YES;
				CLANG_WARN__DUPLICATE_METHOD_MATCH = YES;
				COPY_PHASE_STRIP = NO;
				DEBUG_INFORMATION_FORMAT = dwarf;
				ENABLE_STRICT_OBJC_MSGSEND = YES;
				ENABLE_TESTABILITY = YES;
				GCC_C_LANGUAGE_STANDARD = gnu11;
				GCC_DYNAMIC_NO_PIC = NO;
				GCC_NO_COMMON_BLOCKS = YES;
				GCC_OPTIMIZATION_LEVEL = 0;
				GCC_PREPROCESSOR_DEFINITIONS = (
					"DEBUG=1",
					"$(inherited)",
				);
				GCC_WARN_64_TO_32_BIT_CONVERSION = YES;
				GCC_WARN_ABOUT_RETURN_TYPE = YES_ERROR;
				GCC_WARN_UNDECLARED_SELECTOR = YES;
				GCC_WARN_UNINITIALIZED_AUTOS = YES_AGGRESSIVE;
				GCC_WARN_UNUSED_FUNCTION = YES;
				GCC_WARN_UNUSED_VARIABLE = YES;
				IPHONEOS_DEPLOYMENT_TARGET = 14.1;
				MTL_ENABLE_DEBUG_INFO = INCLUDE_SOURCE;
				MTL_FAST_MATH = YES;
				ONLY_ACTIVE_ARCH = YES;
				SDKROOT = iphoneos;
				SWIFT_ACTIVE_COMPILATION_CONDITIONS = DEBUG;
				SWIFT_OPTIMIZATION_LEVEL = "-Onone";
			};
			name = Debug;
		};
		13AB4DA3255EE40300BAD620 /* Release */ = {
			isa = XCBuildConfiguration;
			buildSettings = {
				ALWAYS_SEARCH_USER_PATHS = NO;
				CLANG_ANALYZER_NONNULL = YES;
				CLANG_ANALYZER_NUMBER_OBJECT_CONVERSION = YES_AGGRESSIVE;
				CLANG_CXX_LANGUAGE_STANDARD = "gnu++14";
				CLANG_CXX_LIBRARY = "libc++";
				CLANG_ENABLE_MODULES = YES;
				CLANG_ENABLE_OBJC_ARC = YES;
				CLANG_ENABLE_OBJC_WEAK = YES;
				CLANG_WARN_BLOCK_CAPTURE_AUTORELEASING = YES;
				CLANG_WARN_BOOL_CONVERSION = YES;
				CLANG_WARN_COMMA = YES;
				CLANG_WARN_CONSTANT_CONVERSION = YES;
				CLANG_WARN_DEPRECATED_OBJC_IMPLEMENTATIONS = YES;
				CLANG_WARN_DIRECT_OBJC_ISA_USAGE = YES_ERROR;
				CLANG_WARN_DOCUMENTATION_COMMENTS = YES;
				CLANG_WARN_EMPTY_BODY = YES;
				CLANG_WARN_ENUM_CONVERSION = YES;
				CLANG_WARN_INFINITE_RECURSION = YES;
				CLANG_WARN_INT_CONVERSION = YES;
				CLANG_WARN_NON_LITERAL_NULL_CONVERSION = YES;
				CLANG_WARN_OBJC_IMPLICIT_RETAIN_SELF = YES;
				CLANG_WARN_OBJC_LITERAL_CONVERSION = YES;
				CLANG_WARN_OBJC_ROOT_CLASS = YES_ERROR;
				CLANG_WARN_QUOTED_INCLUDE_IN_FRAMEWORK_HEADER = YES;
				CLANG_WARN_RANGE_LOOP_ANALYSIS = YES;
				CLANG_WARN_STRICT_PROTOTYPES = YES;
				CLANG_WARN_SUSPICIOUS_MOVE = YES;
				CLANG_WARN_UNGUARDED_AVAILABILITY = YES_AGGRESSIVE;
				CLANG_WARN_UNREACHABLE_CODE = YES;
				CLANG_WARN__DUPLICATE_METHOD_MATCH = YES;
				COPY_PHASE_STRIP = NO;
				DEBUG_INFORMATION_FORMAT = "dwarf-with-dsym";
				ENABLE_NS_ASSERTIONS = NO;
				ENABLE_STRICT_OBJC_MSGSEND = YES;
				GCC_C_LANGUAGE_STANDARD = gnu11;
				GCC_NO_COMMON_BLOCKS = YES;
				GCC_WARN_64_TO_32_BIT_CONVERSION = YES;
				GCC_WARN_ABOUT_RETURN_TYPE = YES_ERROR;
				GCC_WARN_UNDECLARED_SELECTOR = YES;
				GCC_WARN_UNINITIALIZED_AUTOS = YES_AGGRESSIVE;
				GCC_WARN_UNUSED_FUNCTION = YES;
				GCC_WARN_UNUSED_VARIABLE = YES;
				IPHONEOS_DEPLOYMENT_TARGET = 14.1;
				MTL_ENABLE_DEBUG_INFO = NO;
				MTL_FAST_MATH = YES;
				SDKROOT = iphoneos;
				SWIFT_COMPILATION_MODE = wholemodule;
				SWIFT_OPTIMIZATION_LEVEL = "-O";
				VALIDATE_PRODUCT = YES;
			};
			name = Release;
		};
		13AB4DA5255EE40300BAD620 /* Debug */ = {
			isa = XCBuildConfiguration;
			buildSettings = {
				ASSETCATALOG_COMPILER_APPICON_NAME = AppIcon;
				ASSETCATALOG_COMPILER_GLOBAL_ACCENT_COLOR_NAME = AccentColor;
				CODE_SIGN_ENTITLEMENTS = "TwentyOne 2020/TwentyOne 2020.entitlements";
				CODE_SIGN_STYLE = Automatic;
				DEVELOPMENT_TEAM = 9DQ6SL245T;
				INFOPLIST_FILE = "TwentyOne 2020/Info.plist";
				LD_RUNPATH_SEARCH_PATHS = (
					"$(inherited)",
					"@executable_path/Frameworks",
				);
				PRODUCT_BUNDLE_IDENTIFIER = "com.twentyone.TwentyOne-2020";
				PRODUCT_NAME = "$(TARGET_NAME)";
				SUPPORTS_MACCATALYST = YES;
				SWIFT_VERSION = 5.0;
				TARGETED_DEVICE_FAMILY = 2;
			};
			name = Debug;
		};
		13AB4DA6255EE40300BAD620 /* Release */ = {
			isa = XCBuildConfiguration;
			buildSettings = {
				ASSETCATALOG_COMPILER_APPICON_NAME = AppIcon;
				ASSETCATALOG_COMPILER_GLOBAL_ACCENT_COLOR_NAME = AccentColor;
				CODE_SIGN_ENTITLEMENTS = "TwentyOne 2020/TwentyOne 2020.entitlements";
				CODE_SIGN_STYLE = Automatic;
				DEVELOPMENT_TEAM = 9DQ6SL245T;
				INFOPLIST_FILE = "TwentyOne 2020/Info.plist";
				LD_RUNPATH_SEARCH_PATHS = (
					"$(inherited)",
					"@executable_path/Frameworks",
				);
				PRODUCT_BUNDLE_IDENTIFIER = "com.twentyone.TwentyOne-2020";
				PRODUCT_NAME = "$(TARGET_NAME)";
				SUPPORTS_MACCATALYST = YES;
				SWIFT_VERSION = 5.0;
				TARGETED_DEVICE_FAMILY = 2;
			};
			name = Release;
		};
/* End XCBuildConfiguration section */

/* Begin XCConfigurationList section */
		13AB4D8B255EE40100BAD620 /* Build configuration list for PBXProject "TwentyOne 2020" */ = {
			isa = XCConfigurationList;
			buildConfigurations = (
				13AB4DA2255EE40300BAD620 /* Debug */,
				13AB4DA3255EE40300BAD620 /* Release */,
			);
			defaultConfigurationIsVisible = 0;
			defaultConfigurationName = Release;
		};
		13AB4DA4255EE40300BAD620 /* Build configuration list for PBXNativeTarget "TwentyOne 2020" */ = {
			isa = XCConfigurationList;
			buildConfigurations = (
				13AB4DA5255EE40300BAD620 /* Debug */,
				13AB4DA6255EE40300BAD620 /* Release */,
			);
			defaultConfigurationIsVisible = 0;
			defaultConfigurationName = Release;
		};
/* End XCConfigurationList section */
	};
	rootObject = 13AB4D88255EE40100BAD620 /* Project object */;
}
