// !$*UTF8*$!
{
	archiveVersion = 1;
	classes = {
	};
	objectVersion = 50;
	objects = {

/* Begin PBXBuildFile section */
		135616C62575ED7C00EAA050 /* AppDelegate.swift in Sources */ = {isa = PBXBuildFile; fileRef = 135616C52575ED7C00EAA050 /* AppDelegate.swift */; };
		135616C82575ED7C00EAA050 /* SceneDelegate.swift in Sources */ = {isa = PBXBuildFile; fileRef = 135616C72575ED7C00EAA050 /* SceneDelegate.swift */; };
		135616CA2575ED7C00EAA050 /* ViewController.swift in Sources */ = {isa = PBXBuildFile; fileRef = 135616C92575ED7C00EAA050 /* ViewController.swift */; };
		135616CD2575ED7C00EAA050 /* Main.storyboard in Resources */ = {isa = PBXBuildFile; fileRef = 135616CB2575ED7C00EAA050 /* Main.storyboard */; };
		135616CF2575ED7E00EAA050 /* Assets.xcassets in Resources */ = {isa = PBXBuildFile; fileRef = 135616CE2575ED7E00EAA050 /* Assets.xcassets */; };
		135616D22575ED7E00EAA050 /* LaunchScreen.storyboard in Resources */ = {isa = PBXBuildFile; fileRef = 135616D02575ED7E00EAA050 /* LaunchScreen.storyboard */; };
/* End PBXBuildFile section */

/* Begin PBXFileReference section */
		135616C22575ED7C00EAA050 /* twentyonetest.app */ = {isa = PBXFileReference; explicitFileType = wrapper.application; includeInIndex = 0; path = twentyonetest.app; sourceTree = BUILT_PRODUCTS_DIR; };
		135616C52575ED7C00EAA050 /* AppDelegate.swift */ = {isa = PBXFileReference; lastKnownFileType = sourcecode.swift; path = AppDelegate.swift; sourceTree = "<group>"; };
		135616C72575ED7C00EAA050 /* SceneDelegate.swift */ = {isa = PBXFileReference; lastKnownFileType = sourcecode.swift; path = SceneDelegate.swift; sourceTree = "<group>"; };
		135616C92575ED7C00EAA050 /* ViewController.swift */ = {isa = PBXFileReference; lastKnownFileType = sourcecode.swift; path = ViewController.swift; sourceTree = "<group>"; };
		135616CC2575ED7C00EAA050 /* Base */ = {isa = PBXFileReference; lastKnownFileType = file.storyboard; name = Base; path = Base.lproj/Main.storyboard; sourceTree = "<group>"; };
		135616CE2575ED7E00EAA050 /* Assets.xcassets */ = {isa = PBXFileReference; lastKnownFileType = folder.assetcatalog; path = Assets.xcassets; sourceTree = "<group>"; };
		135616D12575ED7E00EAA050 /* Base */ = {isa = PBXFileReference; lastKnownFileType = file.storyboard; name = Base; path = Base.lproj/LaunchScreen.storyboard; sourceTree = "<group>"; };
		135616D32575ED7E00EAA050 /* Info.plist */ = {isa = PBXFileReference; lastKnownFileType = text.plist.xml; path = Info.plist; sourceTree = "<group>"; };
/* End PBXFileReference section */

/* Begin PBXFrameworksBuildPhase section */
		135616BF2575ED7C00EAA050 /* Frameworks */ = {
			isa = PBXFrameworksBuildPhase;
			buildActionMask = 2147483647;
			files = (
			);
			runOnlyForDeploymentPostprocessing = 0;
		};
/* End PBXFrameworksBuildPhase section */

/* Begin PBXGroup section */
		135616B92575ED7C00EAA050 = {
			isa = PBXGroup;
			children = (
				135616C42575ED7C00EAA050 /* twentyonetest */,
				135616C32575ED7C00EAA050 /* Products */,
			);
			sourceTree = "<group>";
		};
		135616C32575ED7C00EAA050 /* Products */ = {
			isa = PBXGroup;
			children = (
				135616C22575ED7C00EAA050 /* twentyonetest.app */,
			);
			name = Products;
			sourceTree = "<group>";
		};
		135616C42575ED7C00EAA050 /* twentyonetest */ = {
			isa = PBXGroup;
			children = (
				135616C52575ED7C00EAA050 /* AppDelegate.swift */,
				135616C72575ED7C00EAA050 /* SceneDelegate.swift */,
				135616C92575ED7C00EAA050 /* ViewController.swift */,
				135616CB2575ED7C00EAA050 /* Main.storyboard */,
				135616CE2575ED7E00EAA050 /* Assets.xcassets */,
				135616D02575ED7E00EAA050 /* LaunchScreen.storyboard */,
				135616D32575ED7E00EAA050 /* Info.plist */,
			);
			path = twentyonetest;
			sourceTree = "<group>";
		};
/* End PBXGroup section */

/* Begin PBXNativeTarget section */
		135616C12575ED7C00EAA050 /* twentyonetest */ = {
			isa = PBXNativeTarget;
			buildConfigurationList = 135616D62575ED7E00EAA050 /* Build configuration list for PBXNativeTarget "twentyonetest" */;
			buildPhases = (
				135616BE2575ED7C00EAA050 /* Sources */,
				135616BF2575ED7C00EAA050 /* Frameworks */,
				135616C02575ED7C00EAA050 /* Resources */,
			);
			buildRules = (
			);
			dependencies = (
			);
			name = twentyonetest;
			productName = twentyonetest;
			productReference = 135616C22575ED7C00EAA050 /* twentyonetest.app */;
			productType = "com.apple.product-type.application";
		};
/* End PBXNativeTarget section */

/* Begin PBXProject section */
		135616BA2575ED7C00EAA050 /* Project object */ = {
			isa = PBXProject;
			attributes = {
				LastSwiftUpdateCheck = 1210;
				LastUpgradeCheck = 1210;
				TargetAttributes = {
					135616C12575ED7C00EAA050 = {
						CreatedOnToolsVersion = 12.1;
					};
				};
			};
			buildConfigurationList = 135616BD2575ED7C00EAA050 /* Build configuration list for PBXProject "twentyonetest" */;
			compatibilityVersion = "Xcode 9.3";
			developmentRegion = en;
			hasScannedForEncodings = 0;
			knownRegions = (
				en,
				Base,
			);
			mainGroup = 135616B92575ED7C00EAA050;
			productRefGroup = 135616C32575ED7C00EAA050 /* Products */;
			projectDirPath = "";
			projectRoot = "";
			targets = (
				135616C12575ED7C00EAA050 /* twentyonetest */,
			);
		};
/* End PBXProject section */

/* Begin PBXResourcesBuildPhase section */
		135616C02575ED7C00EAA050 /* Resources */ = {
			isa = PBXResourcesBuildPhase;
			buildActionMask = 2147483647;
			files = (
				135616D22575ED7E00EAA050 /* LaunchScreen.storyboard in Resources */,
				135616CF2575ED7E00EAA050 /* Assets.xcassets in Resources */,
				135616CD2575ED7C00EAA050 /* Main.storyboard in Resources */,
			);
			runOnlyForDeploymentPostprocessing = 0;
		};
/* End PBXResourcesBuildPhase section */

/* Begin PBXSourcesBuildPhase section */
		135616BE2575ED7C00EAA050 /* Sources */ = {
			isa = PBXSourcesBuildPhase;
			buildActionMask = 2147483647;
			files = (
				135616CA2575ED7C00EAA050 /* ViewController.swift in Sources */,
				135616C62575ED7C00EAA050 /* AppDelegate.swift in Sources */,
				135616C82575ED7C00EAA050 /* SceneDelegate.swift in Sources */,
			);
			runOnlyForDeploymentPostprocessing = 0;
		};
/* End PBXSourcesBuildPhase section */

/* Begin PBXVariantGroup section */
		135616CB2575ED7C00EAA050 /* Main.storyboard */ = {
			isa = PBXVariantGroup;
			children = (
				135616CC2575ED7C00EAA050 /* Base */,
			);
			name = Main.storyboard;
			sourceTree = "<group>";
		};
		135616D02575ED7E00EAA050 /* LaunchScreen.storyboard */ = {
			isa = PBXVariantGroup;
			children = (
				135616D12575ED7E00EAA050 /* Base */,
			);
			name = LaunchScreen.storyboard;
			sourceTree = "<group>";
		};
/* End PBXVariantGroup section */

/* Begin XCBuildConfiguration section */
		135616D42575ED7E00EAA050 /* Debug */ = {
			isa = XCBuildConfiguration;
			buildSettings = {
				ALWAYS_SEARCH_USER_PATHS = NO;
				CLANG_ANALYZER_NONNULL = YES;
				CLANG_ANALYZER_NUMBER_OBJECT_CONVERSION = YES_AGGRESSIVE;
				CLANG_CXX_LANGUAGE_STANDARD = "gnu++14";
				CLANG_CXX_LIBRARY = "libc++";
				CLANG_ENABLE_MODULES = YES;
				CLANG_ENABLE_OBJC_ARC = YES;
				CLANG_ENABLE_OBJC_WEAK = YES;
				CLANG_WARN_BLOCK_CAPTURE_AUTORELEASING = YES;
				CLANG_WARN_BOOL_CONVERSION = YES;
				CLANG_WARN_COMMA = YES;
				CLANG_WARN_CONSTANT_CONVERSION = YES;
				CLANG_WARN_DEPRECATED_OBJC_IMPLEMENTATIONS = YES;
				CLANG_WARN_DIRECT_OBJC_ISA_USAGE = YES_ERROR;
				CLANG_WARN_DOCUMENTATION_COMMENTS = YES;
				CLANG_WARN_EMPTY_BODY = YES;
				CLANG_WARN_ENUM_CONVERSION = YES;
				CLANG_WARN_INFINITE_RECURSION = YES;
				CLANG_WARN_INT_CONVERSION = YES;
				CLANG_WARN_NON_LITERAL_NULL_CONVERSION = YES;
				CLANG_WARN_OBJC_IMPLICIT_RETAIN_SELF = YES;
				CLANG_WARN_OBJC_LITERAL_CONVERSION = YES;
				CLANG_WARN_OBJC_ROOT_CLASS = YES_ERROR;
				CLANG_WARN_QUOTED_INCLUDE_IN_FRAMEWORK_HEADER = YES;
				CLANG_WARN_RANGE_LOOP_ANALYSIS = YES;
				CLANG_WARN_STRICT_PROTOTYPES = YES;
				CLANG_WARN_SUSPICIOUS_MOVE = YES;
				CLANG_WARN_UNGUARDED_AVAILABILITY = YES_AGGRESSIVE;
				CLANG_WARN_UNREACHABLE_CODE = YES;
				CLANG_WARN__DUPLICATE_METHOD_MATCH = YES;
				COPY_PHASE_STRIP = NO;
				DEBUG_INFORMATION_FORMAT = dwarf;
				ENABLE_STRICT_OBJC_MSGSEND = YES;
				ENABLE_TESTABILITY = YES;
				GCC_C_LANGUAGE_STANDARD = gnu11;
				GCC_DYNAMIC_NO_PIC = NO;
				GCC_NO_COMMON_BLOCKS = YES;
				GCC_OPTIMIZATION_LEVEL = 0;
				GCC_PREPROCESSOR_DEFINITIONS = (
					"DEBUG=1",
					"$(inherited)",
				);
				GCC_WARN_64_TO_32_BIT_CONVERSION = YES;
				GCC_WARN_ABOUT_RETURN_TYPE = YES_ERROR;
				GCC_WARN_UNDECLARED_SELECTOR = YES;
				GCC_WARN_UNINITIALIZED_AUTOS = YES_AGGRESSIVE;
				GCC_WARN_UNUSED_FUNCTION = YES;
				GCC_WARN_UNUSED_VARIABLE = YES;
				IPHONEOS_DEPLOYMENT_TARGET = 14.1;
				MTL_ENABLE_DEBUG_INFO = INCLUDE_SOURCE;
				MTL_FAST_MATH = YES;
				ONLY_ACTIVE_ARCH = YES;
				SDKROOT = iphoneos;
				SWIFT_ACTIVE_COMPILATION_CONDITIONS = DEBUG;
				SWIFT_OPTIMIZATION_LEVEL = "-Onone";
			};
			name = Debug;
		};
		135616D52575ED7E00EAA050 /* Release */ = {
			isa = XCBuildConfiguration;
			buildSettings = {
				ALWAYS_SEARCH_USER_PATHS = NO;
				CLANG_ANALYZER_NONNULL = YES;
				CLANG_ANALYZER_NUMBER_OBJECT_CONVERSION = YES_AGGRESSIVE;
				CLANG_CXX_LANGUAGE_STANDARD = "gnu++14";
				CLANG_CXX_LIBRARY = "libc++";
				CLANG_ENABLE_MODULES = YES;
				CLANG_ENABLE_OBJC_ARC = YES;
				CLANG_ENABLE_OBJC_WEAK = YES;
				CLANG_WARN_BLOCK_CAPTURE_AUTORELEASING = YES;
				CLANG_WARN_BOOL_CONVERSION = YES;
				CLANG_WARN_COMMA = YES;
				CLANG_WARN_CONSTANT_CONVERSION = YES;
				CLANG_WARN_DEPRECATED_OBJC_IMPLEMENTATIONS = YES;
				CLANG_WARN_DIRECT_OBJC_ISA_USAGE = YES_ERROR;
				CLANG_WARN_DOCUMENTATION_COMMENTS = YES;
				CLANG_WARN_EMPTY_BODY = YES;
				CLANG_WARN_ENUM_CONVERSION = YES;
				CLANG_WARN_INFINITE_RECURSION = YES;
				CLANG_WARN_INT_CONVERSION = YES;
				CLANG_WARN_NON_LITERAL_NULL_CONVERSION = YES;
				CLANG_WARN_OBJC_IMPLICIT_RETAIN_SELF = YES;
				CLANG_WARN_OBJC_LITERAL_CONVERSION = YES;
				CLANG_WARN_OBJC_ROOT_CLASS = YES_ERROR;
				CLANG_WARN_QUOTED_INCLUDE_IN_FRAMEWORK_HEADER = YES;
				CLANG_WARN_RANGE_LOOP_ANALYSIS = YES;
				CLANG_WARN_STRICT_PROTOTYPES = YES;
				CLANG_WARN_SUSPICIOUS_MOVE = YES;
				CLANG_WARN_UNGUARDED_AVAILABILITY = YES_AGGRESSIVE;
				CLANG_WARN_UNREACHABLE_CODE = YES;
				CLANG_WARN__DUPLICATE_METHOD_MATCH = YES;
				COPY_PHASE_STRIP = NO;
				DEBUG_INFORMATION_FORMAT = "dwarf-with-dsym";
				ENABLE_NS_ASSERTIONS = NO;
				ENABLE_STRICT_OBJC_MSGSEND = YES;
				GCC_C_LANGUAGE_STANDARD = gnu11;
				GCC_NO_COMMON_BLOCKS = YES;
				GCC_WARN_64_TO_32_BIT_CONVERSION = YES;
				GCC_WARN_ABOUT_RETURN_TYPE = YES_ERROR;
				GCC_WARN_UNDECLARED_SELECTOR = YES;
				GCC_WARN_UNINITIALIZED_AUTOS = YES_AGGRESSIVE;
				GCC_WARN_UNUSED_FUNCTION = YES;
				GCC_WARN_UNUSED_VARIABLE = YES;
				IPHONEOS_DEPLOYMENT_TARGET = 14.1;
				MTL_ENABLE_DEBUG_INFO = NO;
				MTL_FAST_MATH = YES;
				SDKROOT = iphoneos;
				SWIFT_COMPILATION_MODE = wholemodule;
				SWIFT_OPTIMIZATION_LEVEL = "-O";
				VALIDATE_PRODUCT = YES;
			};
			name = Release;
		};
		135616D72575ED7E00EAA050 /* Debug */ = {
			isa = XCBuildConfiguration;
			buildSettings = {
				ASSETCATALOG_COMPILER_APPICON_NAME = AppIcon;
				ASSETCATALOG_COMPILER_GLOBAL_ACCENT_COLOR_NAME = AccentColor;
				CODE_SIGN_STYLE = Automatic;
				DEVELOPMENT_TEAM = 9DQ6SL245T;
				INFOPLIST_FILE = twentyonetest/Info.plist;
				LD_RUNPATH_SEARCH_PATHS = (
					"$(inherited)",
					"@executable_path/Frameworks",
				);
				PRODUCT_BUNDLE_IDENTIFIER = com.twentyone.twentyonetest;
				PRODUCT_NAME = "$(TARGET_NAME)";
				SWIFT_VERSION = 5.0;
				TARGETED_DEVICE_FAMILY = "1,2";
			};
			name = Debug;
		};
		135616D82575ED7E00EAA050 /* Release */ = {
			isa = XCBuildConfiguration;
			buildSettings = {
				ASSETCATALOG_COMPILER_APPICON_NAME = AppIcon;
				ASSETCATALOG_COMPILER_GLOBAL_ACCENT_COLOR_NAME = AccentColor;
				CODE_SIGN_STYLE = Automatic;
				DEVELOPMENT_TEAM = 9DQ6SL245T;
				INFOPLIST_FILE = twentyonetest/Info.plist;
				LD_RUNPATH_SEARCH_PATHS = (
					"$(inherited)",
					"@executable_path/Frameworks",
				);
				PRODUCT_BUNDLE_IDENTIFIER = com.twentyone.twentyonetest;
				PRODUCT_NAME = "$(TARGET_NAME)";
				SWIFT_VERSION = 5.0;
				TARGETED_DEVICE_FAMILY = "1,2";
			};
			name = Release;
		};
/* End XCBuildConfiguration section */

/* Begin XCConfigurationList section */
		135616BD2575ED7C00EAA050 /* Build configuration list for PBXProject "twentyonetest" */ = {
			isa = XCConfigurationList;
			buildConfigurations = (
				135616D42575ED7E00EAA050 /* Debug */,
				135616D52575ED7E00EAA050 /* Release */,
			);
			defaultConfigurationIsVisible = 0;
			defaultConfigurationName = Release;
		};
		135616D62575ED7E00EAA050 /* Build configuration list for PBXNativeTarget "twentyonetest" */ = {
			isa = XCConfigurationList;
			buildConfigurations = (
				135616D72575ED7E00EAA050 /* Debug */,
				135616D82575ED7E00EAA050 /* Release */,
			);
			defaultConfigurationIsVisible = 0;
			defaultConfigurationName = Release;
		};
/* End XCConfigurationList section */
	};
	rootObject = 135616BA2575ED7C00EAA050 /* Project object */;
}
